{"is_source_file": false, "format": "", "description": "", "external_files": [], "external_methods": [], "published": [], "classes": [], "methods": [], "calls": [], "search-terms": [], "state": 2, "file_id": 10, "knowledge_revision": 25, "git_revision": "823ce7ed6525d33a3b429394309f9b1d1b3a2ab9", "hash": "9c4ed7ef73e22b872b8055bec08b8979", "format-version": 4, "code-base-name": "default", "filename": "hunterx_security_suite/post_process_status.lock", "revision_history": [{"25": "823ce7ed6525d33a3b429394309f9b1d1b3a2ab9"}]}